
Microsoft Visual Studio Solution File, Format Version 12.00
# Visual Studio Version 16
VisualStudioVersion = 16.0.29318.209
MinimumVisualStudioVersion = 10.0.40219.1
Project("{9A19103F-16F7-4668-BE54-9A1E7A4F7556}") = "Practice_1", "Practice_1\Practice_1.csproj", "{26818CF6-27AC-4380-A30F-3804D0DF1455}"
EndProject
Project("{9A19103F-16F7-4668-BE54-9A1E7A4F7556}") = "Practice_2", "Practice_2\Practice_2.csproj", "{A2E3AAE9-11DD-4213-8ED9-C015738FFD8F}"
EndProject
Project("{FAE04EC0-301F-11D3-BF4B-00C04F79EFBC}") = "Practice_3(Base ASP.NET)", "Practice_3(Base ASP.NET)\Practice_3(Base ASP.NET).csproj", "{BDE0A306-4CB2-499C-81E4-636AA1D1E80E}"
EndProject
Global
	GlobalSection(SolutionConfigurationPlatforms) = preSolution
		Debug|Any CPU = Debug|Any CPU
		Release|Any CPU = Release|Any CPU
	EndGlobalSection
	GlobalSection(ProjectConfigurationPlatforms) = postSolution
		{26818CF6-27AC-4380-A30F-3804D0DF1455}.Debug|Any CPU.ActiveCfg = Debug|Any CPU
		{26818CF6-27AC-4380-A30F-3804D0DF1455}.Debug|Any CPU.Build.0 = Debug|Any CPU
		{26818CF6-27AC-4380-A30F-3804D0DF1455}.Release|Any CPU.ActiveCfg = Release|Any CPU
		{26818CF6-27AC-4380-A30F-3804D0DF1455}.Release|Any CPU.Build.0 = Release|Any CPU
		{A2E3AAE9-11DD-4213-8ED9-C015738FFD8F}.Debug|Any CPU.ActiveCfg = Debug|Any CPU
		{A2E3AAE9-11DD-4213-8ED9-C015738FFD8F}.Debug|Any CPU.Build.0 = Debug|Any CPU
		{A2E3AAE9-11DD-4213-8ED9-C015738FFD8F}.Release|Any CPU.ActiveCfg = Release|Any CPU
		{A2E3AAE9-11DD-4213-8ED9-C015738FFD8F}.Release|Any CPU.Build.0 = Release|Any CPU
		{BDE0A306-4CB2-499C-81E4-636AA1D1E80E}.Debug|Any CPU.ActiveCfg = Debug|Any CPU
		{BDE0A306-4CB2-499C-81E4-636AA1D1E80E}.Debug|Any CPU.Build.0 = Debug|Any CPU
		{BDE0A306-4CB2-499C-81E4-636AA1D1E80E}.Release|Any CPU.ActiveCfg = Release|Any CPU
		{BDE0A306-4CB2-499C-81E4-636AA1D1E80E}.Release|Any CPU.Build.0 = Release|Any CPU
	EndGlobalSection
	GlobalSection(SolutionProperties) = preSolution
		HideSolutionNode = FALSE
	EndGlobalSection
	GlobalSection(ExtensibilityGlobals) = postSolution
		SolutionGuid = {574E16AF-CFD3-4CE3-91F4-F889A89039CF}
	EndGlobalSection
EndGlobal
